PODS:
  - DStorageKit (1.4.0)

DEPENDENCIES:
  - DStorageKit (from `https://github.com/ese9/DStorageKit.git`)

EXTERNAL SOURCES:
  DStorageKit:
    :git: https://github.com/ese9/DStorageKit.git

CHECKOUT OPTIONS:
  DStorageKit:
    :commit: cffe5fdfbb1bd8c7da1f392876fd2e096a3e96f3
    :git: https://github.com/ese9/DStorageKit.git

SPEC CHECKSUMS:
  DStorageKit: eb371dbd16d9eaf2cfffe29f2ac7148cf6360661

PODFILE CHECKSUM: 7a945a978a8fb8442c1d5895b5e11213015bcfdf

COCOAPODS: 1.7.4
