PODS:
  - DStorageKit (1.1.0)

DEPENDENCIES:
  - DStorageKit (from `https://github.com/ese9/DStorageKit.git`)

EXTERNAL SOURCES:
  DStorageKit:
    :git: https://github.com/ese9/DStorageKit.git

CHECKOUT OPTIONS:
  DStorageKit:
    :commit: 567ce2cd6a7c10cbd35488089aa8e1f9c6dde390
    :git: https://github.com/ese9/DStorageKit.git

SPEC CHECKSUMS:
  DStorageKit: 95d148ba401a0eadbaed3a280385b14b73c9f12b

PODFILE CHECKSUM: 7a945a978a8fb8442c1d5895b5e11213015bcfdf

COCOAPODS: 1.7.4
